
Microsoft Visual Studio Solution File, Format Version 12.00
# Visual Studio 2012
Project("{D954291E-2A0B-460D-934E-DC6B0785DB48}") = "jundev", "jundev\jundev.shproj", "{DB76C9BF-CE2F-46BE-860C-AA8B6DC75696}"
EndProject
Project("{FAE04EC0-301F-11D3-BF4B-00C04F79EFBC}") = "jundev.iOS", "iOS\jundev.iOS.csproj", "{549FD731-5C31-4375-B8A6-D6A31AD23892}"
EndProject
Project("{FAE04EC0-301F-11D3-BF4B-00C04F79EFBC}") = "jundev.Droid", "Droid\jundev.Droid.csproj", "{5DA65EB0-41A2-4E89-96E3-7F50ABABA581}"
EndProject
Global
	GlobalSection(SolutionConfigurationPlatforms) = preSolution
		Debug|iPhoneSimulator = Debug|iPhoneSimulator
		Release|iPhone = Release|iPhone
		Release|iPhoneSimulator = Release|iPhoneSimulator
		Debug|iPhone = Debug|iPhone
		Debug|Any CPU = Debug|Any CPU
		Release|Any CPU = Release|Any CPU
	EndGlobalSection
	GlobalSection(ProjectConfigurationPlatforms) = postSolution
		{549FD731-5C31-4375-B8A6-D6A31AD23892}.Debug|iPhoneSimulator.ActiveCfg = Debug|iPhoneSimulator
		{549FD731-5C31-4375-B8A6-D6A31AD23892}.Debug|iPhoneSimulator.Build.0 = Debug|iPhoneSimulator
		{549FD731-5C31-4375-B8A6-D6A31AD23892}.Release|iPhone.ActiveCfg = Release|iPhone
		{549FD731-5C31-4375-B8A6-D6A31AD23892}.Release|iPhone.Build.0 = Release|iPhone
		{549FD731-5C31-4375-B8A6-D6A31AD23892}.Release|iPhoneSimulator.ActiveCfg = Release|iPhoneSimulator
		{549FD731-5C31-4375-B8A6-D6A31AD23892}.Release|iPhoneSimulator.Build.0 = Release|iPhoneSimulator
		{549FD731-5C31-4375-B8A6-D6A31AD23892}.Debug|iPhone.ActiveCfg = Debug|iPhone
		{549FD731-5C31-4375-B8A6-D6A31AD23892}.Debug|iPhone.Build.0 = Debug|iPhone
		{549FD731-5C31-4375-B8A6-D6A31AD23892}.Debug|Any CPU.ActiveCfg = Debug|iPhoneSimulator
		{549FD731-5C31-4375-B8A6-D6A31AD23892}.Debug|Any CPU.Build.0 = Debug|iPhoneSimulator
		{549FD731-5C31-4375-B8A6-D6A31AD23892}.Release|Any CPU.ActiveCfg = Release|iPhone
		{549FD731-5C31-4375-B8A6-D6A31AD23892}.Release|Any CPU.Build.0 = Release|iPhone
		{5DA65EB0-41A2-4E89-96E3-7F50ABABA581}.Debug|iPhoneSimulator.ActiveCfg = Debug|Any CPU
		{5DA65EB0-41A2-4E89-96E3-7F50ABABA581}.Debug|iPhoneSimulator.Build.0 = Debug|Any CPU
		{5DA65EB0-41A2-4E89-96E3-7F50ABABA581}.Release|iPhone.ActiveCfg = Release|Any CPU
		{5DA65EB0-41A2-4E89-96E3-7F50ABABA581}.Release|iPhone.Build.0 = Release|Any CPU
		{5DA65EB0-41A2-4E89-96E3-7F50ABABA581}.Release|iPhoneSimulator.ActiveCfg = Release|Any CPU
		{5DA65EB0-41A2-4E89-96E3-7F50ABABA581}.Release|iPhoneSimulator.Build.0 = Release|Any CPU
		{5DA65EB0-41A2-4E89-96E3-7F50ABABA581}.Debug|iPhone.ActiveCfg = Debug|Any CPU
		{5DA65EB0-41A2-4E89-96E3-7F50ABABA581}.Debug|iPhone.Build.0 = Debug|Any CPU
		{5DA65EB0-41A2-4E89-96E3-7F50ABABA581}.Debug|Any CPU.ActiveCfg = Debug|Any CPU
		{5DA65EB0-41A2-4E89-96E3-7F50ABABA581}.Debug|Any CPU.Build.0 = Debug|Any CPU
		{5DA65EB0-41A2-4E89-96E3-7F50ABABA581}.Release|Any CPU.ActiveCfg = Release|Any CPU
		{5DA65EB0-41A2-4E89-96E3-7F50ABABA581}.Release|Any CPU.Build.0 = Release|Any CPU
	EndGlobalSection
EndGlobal
